{
  "nodes": {
    "blocklist-hosts": {
      "flake": false,
      "locked": {
        "lastModified": 1710515083,
        "narHash": "sha256-3ve+IZzSpMigIIIW7x/WVSkm/5IyKb0ggFLcanbzskU=",
        "owner": "StevenBlack",
        "repo": "hosts",
        "rev": "7c0ba20a0a205e3bf89a34d6fa5776980b3bec27",
        "type": "github"
      },
      "original": {
        "owner": "StevenBlack",
        "repo": "hosts",
        "type": "github"
      }
    },
    "home-manager": {
      "inputs": {
        "nixpkgs": [
          "nixpkgs"
        ]
      },
      "locked": {
        "lastModified": 1710532761,
        "narHash": "sha256-SUXGZNrXX05YA9G6EmgupxhOr3swI1gcxLUeDMUhrEY=",
        "owner": "nix-community",
        "repo": "home-manager",
        "rev": "206f457fffdb9a73596a4cb2211a471bd305243d",
        "type": "github"
      },
      "original": {
        "owner": "nix-community",
        "ref": "master",
        "repo": "home-manager",
        "type": "github"
      }
    },
    "nh": {
      "inputs": {
        "nixpkgs": [
          "nixpkgs"
        ]
      },
      "locked": {
        "lastModified": 1710573382,
        "narHash": "sha256-oGPasBk516A6pNE7iBEOmtrNsbqd+frR7O+z9lr1cLw=",
        "owner": "viperML",
        "repo": "nh",
        "rev": "60c019a930e1718f1c5b6638f16dc221bf667d61",
        "type": "github"
      },
      "original": {
        "owner": "viperML",
        "repo": "nh",
        "type": "github"
      }
    },
    "nixpkgs": {
      "locked": {
        "lastModified": 1710451336,
        "narHash": "sha256-pP86Pcfu3BrAvRO7R64x7hs+GaQrjFes+mEPowCfkxY=",
        "owner": "NixOS",
        "repo": "nixpkgs",
        "rev": "d691274a972b3165335d261cc4671335f5c67de9",
        "type": "github"
      },
      "original": {
        "id": "nixpkgs",
        "ref": "nixos-unstable",
        "type": "indirect"
      }
    },
    "nixpkgs-stable": {
      "locked": {
        "lastModified": 1710420202,
        "narHash": "sha256-MvFKESbq4rUWuaf2RKPNYENaSZEw/jaCLo2gU6oREcM=",
        "owner": "NixOS",
        "repo": "nixpkgs",
        "rev": "878ef7d9721bee9f81f8a80819f9211ad1f993da",
        "type": "github"
      },
      "original": {
        "id": "nixpkgs",
        "ref": "nixos-23.11",
        "type": "indirect"
      }
    },
    "root": {
      "inputs": {
        "blocklist-hosts": "blocklist-hosts",
        "home-manager": "home-manager",
        "nh": "nh",
        "nixpkgs": "nixpkgs",
        "nixpkgs-stable": "nixpkgs-stable"
      }
    }
  },
  "root": "root",
  "version": 7
}
